
Microsoft Visual Studio Solution File, Format Version 12.00
# Visual Studio Version 16
VisualStudioVersion = 16.0.31702.278
MinimumVisualStudioVersion = 10.0.40219.1
Project("{FAE04EC0-301F-11D3-BF4B-00C04F79EFBC}") = "FluidSimulation", "FluidSimulation\FluidSimulation.csproj", "{CCA18D76-166D-4F76-9365-FE40A298BFA9}"
EndProject
Project("{FAE04EC0-301F-11D3-BF4B-00C04F79EFBC}") = "FluidSimulation2", "FluidSimulation2\FluidSimulation2.csproj", "{3B3AEE4B-8C87-44A0-8E92-C739C346975D}"
EndProject
Global
	GlobalSection(SolutionConfigurationPlatforms) = preSolution
		Debug|Any CPU = Debug|Any CPU
		Release|Any CPU = Release|Any CPU
	EndGlobalSection
	GlobalSection(ProjectConfigurationPlatforms) = postSolution
		{CCA18D76-166D-4F76-9365-FE40A298BFA9}.Debug|Any CPU.ActiveCfg = Debug|Any CPU
		{CCA18D76-166D-4F76-9365-FE40A298BFA9}.Debug|Any CPU.Build.0 = Debug|Any CPU
		{CCA18D76-166D-4F76-9365-FE40A298BFA9}.Release|Any CPU.ActiveCfg = Release|Any CPU
		{CCA18D76-166D-4F76-9365-FE40A298BFA9}.Release|Any CPU.Build.0 = Release|Any CPU
		{3B3AEE4B-8C87-44A0-8E92-C739C346975D}.Debug|Any CPU.ActiveCfg = Debug|Any CPU
		{3B3AEE4B-8C87-44A0-8E92-C739C346975D}.Debug|Any CPU.Build.0 = Debug|Any CPU
		{3B3AEE4B-8C87-44A0-8E92-C739C346975D}.Release|Any CPU.ActiveCfg = Release|Any CPU
		{3B3AEE4B-8C87-44A0-8E92-C739C346975D}.Release|Any CPU.Build.0 = Release|Any CPU
	EndGlobalSection
	GlobalSection(SolutionProperties) = preSolution
		HideSolutionNode = FALSE
	EndGlobalSection
	GlobalSection(ExtensibilityGlobals) = postSolution
		SolutionGuid = {5E7CA4B4-9291-4FEF-B2EA-6BA7635C1FE3}
	EndGlobalSection
EndGlobal
